<Solution>
  <Folder Name="/src/">
    <Project Path="src/Porthole.App/Porthole.App.csproj" />
    <Project Path="src/Porthole.Core/Porthole.Core.csproj" />
    <Project Path="src/Porthole.Tray/Porthole.Tray.csproj" />
  </Folder>
  <Folder Name="/tests/">
    <Project Path="tests/Porthole.Core.Tests/Porthole.Core.Tests.csproj" />
  </Folder>
</Solution>
